
Microsoft Visual Studio Solution File, Format Version 12.00
# Visual Studio Version 17
VisualStudioVersion = 17.8.34309.116
MinimumVisualStudioVersion = 10.0.40219.1
Project("{9A19103F-16F7-4668-BE54-9A1E7A4F7556}") = "Program", "Program.csproj", "{34B463DA-9F6B-4A35-941B-7B20CE805230}"
EndProject
Project("{9A19103F-16F7-4668-BE54-9A1E7A4F7556}") = "Class1th (Brute Force)", "..\Class1th (Brute Force)\Class1th (Brute Force).csproj", "{A60C4E93-70A7-4D43-9BAE-76EB6CD5120C}"
EndProject
Project("{9A19103F-16F7-4668-BE54-9A1E7A4F7556}") = "Class2th (Sieve of Eratosthenes)", "..\Class2th (Sieve of Eratosthenes)\Class2th (Sieve of Eratosthenes).csproj", "{57C48CCA-B64D-4EB4-922F-9D51E65215F7}"
EndProject
Project("{9A19103F-16F7-4668-BE54-9A1E7A4F7556}") = "Class3th (Bubble Sort)", "..\Class3th (Bubble Sort)\Class3th (Bubble Sort).csproj", "{489A15EF-F704-4EB2-9825-983B689CE405}"
EndProject
Project("{9A19103F-16F7-4668-BE54-9A1E7A4F7556}") = "Class4th (Select Sort)", "..\Class4th (Select Sort)\Class4th (Select Sort).csproj", "{16ADD38B-3779-4A31-94F9-4C63DB7F9126}"
EndProject
Project("{9A19103F-16F7-4668-BE54-9A1E7A4F7556}") = "Class5th (Insert Sort)", "..\Class5th (Insert Sort)\Class5th (Insert Sort).csproj", "{54E18236-0CD2-4E83-A432-D9F41736F1D5}"
EndProject
Project("{9A19103F-16F7-4668-BE54-9A1E7A4F7556}") = "Class6th (Shell Sort)", "..\Class6th (Shell Sort)\Class6th (Shell Sort).csproj", "{7814BA57-39B1-4A9A-8020-56453B2C674D}"
EndProject
Project("{9A19103F-16F7-4668-BE54-9A1E7A4F7556}") = "Class7th (Count Sort)", "..\Class7th (Count Sort)\Class7th (Count Sort).csproj", "{02067DFE-AEE2-44A9-9DF2-347DC938A307}"
EndProject
Project("{9A19103F-16F7-4668-BE54-9A1E7A4F7556}") = "Class8th (Two Pointer)", "..\Class8th (Two Pointer)\Class8th (Two Pointer).csproj", "{CAC576BA-020C-41DA-A404-C88006E59616}"
EndProject
Project("{9A19103F-16F7-4668-BE54-9A1E7A4F7556}") = "Class9th (Binary Search)", "..\Class9th (Binary Search)\Class9th (Binary Search).csproj", "{0F12531F-E140-43B6-A43B-E5FE11A678B3}"
EndProject
Project("{9A19103F-16F7-4668-BE54-9A1E7A4F7556}") = "Class10th (Divide & Conquer)", "..\Class10th (Divide & Conquer)\Class10th (Divide & Conquer).csproj", "{051A0DE2-6E38-4556-B38B-32D781AE9E75}"
EndProject
Project("{9A19103F-16F7-4668-BE54-9A1E7A4F7556}") = "Class11th (Quick Sort)", "..\Class11th (Quick Sort)\Class11th (Quick Sort).csproj", "{C8E6945F-82A3-4485-9E0B-2328205B2239}"
EndProject
Project("{9A19103F-16F7-4668-BE54-9A1E7A4F7556}") = "Class12th (Merge Sort)", "..\Class12th (Merge Sort)\Class12th (Merge Sort).csproj", "{FD451CE2-41D6-433C-99D3-6DCB8141827F}"
EndProject
Project("{9A19103F-16F7-4668-BE54-9A1E7A4F7556}") = "Class13th (Dynamic Programming)", "..\Class13th (Dynamic Programming)\Class13th (Dynamic Programming).csproj", "{52831F0E-32FB-4D02-B911-84C8809A8301}"
EndProject
Project("{9A19103F-16F7-4668-BE54-9A1E7A4F7556}") = "Class14th (Greedy)", "..\Class14th (Greedy)\Class14th (Greedy).csproj", "{80C684AF-165C-4812-AECE-536D04E741AD}"
EndProject
Project("{9A19103F-16F7-4668-BE54-9A1E7A4F7556}") = "Class15th (Longest Increasing Subsequence)", "..\Class15th (Longest Increasing Subsequence)\Class15th (Longest Increasing Subsequence).csproj", "{4D073CC3-D013-4948-8FC5-D64028A99354}"
EndProject
Project("{9A19103F-16F7-4668-BE54-9A1E7A4F7556}") = "Class16th (Euclidean Algorithm)", "..\Class16th (Euclidean Algorithm)\Class16th (Euclidean Algorithm).csproj", "{7BBD0E5E-54C4-44E2-A425-CCA6EA6AB119}"
EndProject
Project("{9A19103F-16F7-4668-BE54-9A1E7A4F7556}") = "Class17th (Back Tracking)", "..\Class17th (Back Tracking)\Class17th (Back Tracking).csproj", "{DD07388B-0AB9-40CF-8724-EA2CF68C11A6}"
EndProject
Project("{9A19103F-16F7-4668-BE54-9A1E7A4F7556}") = "Class18th (Depts First Search)", "..\Class18th (Deeps First Search)\Class18th (Depts First Search).csproj", "{C7C9CDBD-E0D1-4787-AE61-A3439664E9E0}"
EndProject
Project("{9A19103F-16F7-4668-BE54-9A1E7A4F7556}") = "Perfect Number", "..\Perfect Number\Perfect Number.csproj", "{43315A79-4A08-4AD1-91F7-CC41841FBEA3}"
EndProject
Project("{9A19103F-16F7-4668-BE54-9A1E7A4F7556}") = "Class19th (Breath First Search)", "..\Class19th (Breath First Search)\Class19th (Breath First Search).csproj", "{509AC395-61F4-47AB-BF3C-F628FC21C23E}"
EndProject
Project("{9A19103F-16F7-4668-BE54-9A1E7A4F7556}") = "Class20th (Topology Sort)", "..\Class20th (Topology Sort)\Class20th (Topology Sort).csproj", "{2DF3B525-E65B-4312-89D5-DB31041B7EF3}"
EndProject
Project("{9A19103F-16F7-4668-BE54-9A1E7A4F7556}") = "Class21th (Union Find)", "..\Class21th (Union Find)\Class21th (Union Find).csproj", "{97BFD1C0-4847-4B14-988F-B87B5E0A7647}"
EndProject
Project("{FAE04EC0-301F-11D3-BF4B-00C04F79EFBC}") = "Class22th (Kruskal)", "..\Class22th (Kruskal)\Class22th (Kruskal).csproj", "{FAD56076-B92B-48E8-B314-50758CBA65DE}"
EndProject
Global
	GlobalSection(SolutionConfigurationPlatforms) = preSolution
		Debug|Any CPU = Debug|Any CPU
		Release|Any CPU = Release|Any CPU
	EndGlobalSection
	GlobalSection(ProjectConfigurationPlatforms) = postSolution
		{34B463DA-9F6B-4A35-941B-7B20CE805230}.Debug|Any CPU.ActiveCfg = Debug|Any CPU
		{34B463DA-9F6B-4A35-941B-7B20CE805230}.Debug|Any CPU.Build.0 = Debug|Any CPU
		{34B463DA-9F6B-4A35-941B-7B20CE805230}.Release|Any CPU.ActiveCfg = Release|Any CPU
		{34B463DA-9F6B-4A35-941B-7B20CE805230}.Release|Any CPU.Build.0 = Release|Any CPU
		{A60C4E93-70A7-4D43-9BAE-76EB6CD5120C}.Debug|Any CPU.ActiveCfg = Debug|Any CPU
		{A60C4E93-70A7-4D43-9BAE-76EB6CD5120C}.Debug|Any CPU.Build.0 = Debug|Any CPU
		{A60C4E93-70A7-4D43-9BAE-76EB6CD5120C}.Release|Any CPU.ActiveCfg = Release|Any CPU
		{A60C4E93-70A7-4D43-9BAE-76EB6CD5120C}.Release|Any CPU.Build.0 = Release|Any CPU
		{57C48CCA-B64D-4EB4-922F-9D51E65215F7}.Debug|Any CPU.ActiveCfg = Debug|Any CPU
		{57C48CCA-B64D-4EB4-922F-9D51E65215F7}.Debug|Any CPU.Build.0 = Debug|Any CPU
		{57C48CCA-B64D-4EB4-922F-9D51E65215F7}.Release|Any CPU.ActiveCfg = Release|Any CPU
		{57C48CCA-B64D-4EB4-922F-9D51E65215F7}.Release|Any CPU.Build.0 = Release|Any CPU
		{489A15EF-F704-4EB2-9825-983B689CE405}.Debug|Any CPU.ActiveCfg = Debug|Any CPU
		{489A15EF-F704-4EB2-9825-983B689CE405}.Debug|Any CPU.Build.0 = Debug|Any CPU
		{489A15EF-F704-4EB2-9825-983B689CE405}.Release|Any CPU.ActiveCfg = Release|Any CPU
		{489A15EF-F704-4EB2-9825-983B689CE405}.Release|Any CPU.Build.0 = Release|Any CPU
		{16ADD38B-3779-4A31-94F9-4C63DB7F9126}.Debug|Any CPU.ActiveCfg = Debug|Any CPU
		{16ADD38B-3779-4A31-94F9-4C63DB7F9126}.Debug|Any CPU.Build.0 = Debug|Any CPU
		{16ADD38B-3779-4A31-94F9-4C63DB7F9126}.Release|Any CPU.ActiveCfg = Release|Any CPU
		{16ADD38B-3779-4A31-94F9-4C63DB7F9126}.Release|Any CPU.Build.0 = Release|Any CPU
		{54E18236-0CD2-4E83-A432-D9F41736F1D5}.Debug|Any CPU.ActiveCfg = Debug|Any CPU
		{54E18236-0CD2-4E83-A432-D9F41736F1D5}.Debug|Any CPU.Build.0 = Debug|Any CPU
		{54E18236-0CD2-4E83-A432-D9F41736F1D5}.Release|Any CPU.ActiveCfg = Release|Any CPU
		{54E18236-0CD2-4E83-A432-D9F41736F1D5}.Release|Any CPU.Build.0 = Release|Any CPU
		{7814BA57-39B1-4A9A-8020-56453B2C674D}.Debug|Any CPU.ActiveCfg = Debug|Any CPU
		{7814BA57-39B1-4A9A-8020-56453B2C674D}.Debug|Any CPU.Build.0 = Debug|Any CPU
		{7814BA57-39B1-4A9A-8020-56453B2C674D}.Release|Any CPU.ActiveCfg = Release|Any CPU
		{7814BA57-39B1-4A9A-8020-56453B2C674D}.Release|Any CPU.Build.0 = Release|Any CPU
		{02067DFE-AEE2-44A9-9DF2-347DC938A307}.Debug|Any CPU.ActiveCfg = Debug|Any CPU
		{02067DFE-AEE2-44A9-9DF2-347DC938A307}.Debug|Any CPU.Build.0 = Debug|Any CPU
		{02067DFE-AEE2-44A9-9DF2-347DC938A307}.Release|Any CPU.ActiveCfg = Release|Any CPU
		{02067DFE-AEE2-44A9-9DF2-347DC938A307}.Release|Any CPU.Build.0 = Release|Any CPU
		{CAC576BA-020C-41DA-A404-C88006E59616}.Debug|Any CPU.ActiveCfg = Debug|Any CPU
		{CAC576BA-020C-41DA-A404-C88006E59616}.Debug|Any CPU.Build.0 = Debug|Any CPU
		{CAC576BA-020C-41DA-A404-C88006E59616}.Release|Any CPU.ActiveCfg = Release|Any CPU
		{CAC576BA-020C-41DA-A404-C88006E59616}.Release|Any CPU.Build.0 = Release|Any CPU
		{0F12531F-E140-43B6-A43B-E5FE11A678B3}.Debug|Any CPU.ActiveCfg = Debug|Any CPU
		{0F12531F-E140-43B6-A43B-E5FE11A678B3}.Debug|Any CPU.Build.0 = Debug|Any CPU
		{0F12531F-E140-43B6-A43B-E5FE11A678B3}.Release|Any CPU.ActiveCfg = Release|Any CPU
		{0F12531F-E140-43B6-A43B-E5FE11A678B3}.Release|Any CPU.Build.0 = Release|Any CPU
		{051A0DE2-6E38-4556-B38B-32D781AE9E75}.Debug|Any CPU.ActiveCfg = Debug|Any CPU
		{051A0DE2-6E38-4556-B38B-32D781AE9E75}.Debug|Any CPU.Build.0 = Debug|Any CPU
		{051A0DE2-6E38-4556-B38B-32D781AE9E75}.Release|Any CPU.ActiveCfg = Release|Any CPU
		{051A0DE2-6E38-4556-B38B-32D781AE9E75}.Release|Any CPU.Build.0 = Release|Any CPU
		{C8E6945F-82A3-4485-9E0B-2328205B2239}.Debug|Any CPU.ActiveCfg = Debug|Any CPU
		{C8E6945F-82A3-4485-9E0B-2328205B2239}.Debug|Any CPU.Build.0 = Debug|Any CPU
		{C8E6945F-82A3-4485-9E0B-2328205B2239}.Release|Any CPU.ActiveCfg = Release|Any CPU
		{C8E6945F-82A3-4485-9E0B-2328205B2239}.Release|Any CPU.Build.0 = Release|Any CPU
		{FD451CE2-41D6-433C-99D3-6DCB8141827F}.Debug|Any CPU.ActiveCfg = Debug|Any CPU
		{FD451CE2-41D6-433C-99D3-6DCB8141827F}.Debug|Any CPU.Build.0 = Debug|Any CPU
		{FD451CE2-41D6-433C-99D3-6DCB8141827F}.Release|Any CPU.ActiveCfg = Release|Any CPU
		{FD451CE2-41D6-433C-99D3-6DCB8141827F}.Release|Any CPU.Build.0 = Release|Any CPU
		{52831F0E-32FB-4D02-B911-84C8809A8301}.Debug|Any CPU.ActiveCfg = Debug|Any CPU
		{52831F0E-32FB-4D02-B911-84C8809A8301}.Debug|Any CPU.Build.0 = Debug|Any CPU
		{52831F0E-32FB-4D02-B911-84C8809A8301}.Release|Any CPU.ActiveCfg = Release|Any CPU
		{52831F0E-32FB-4D02-B911-84C8809A8301}.Release|Any CPU.Build.0 = Release|Any CPU
		{80C684AF-165C-4812-AECE-536D04E741AD}.Debug|Any CPU.ActiveCfg = Debug|Any CPU
		{80C684AF-165C-4812-AECE-536D04E741AD}.Debug|Any CPU.Build.0 = Debug|Any CPU
		{80C684AF-165C-4812-AECE-536D04E741AD}.Release|Any CPU.ActiveCfg = Release|Any CPU
		{80C684AF-165C-4812-AECE-536D04E741AD}.Release|Any CPU.Build.0 = Release|Any CPU
		{4D073CC3-D013-4948-8FC5-D64028A99354}.Debug|Any CPU.ActiveCfg = Debug|Any CPU
		{4D073CC3-D013-4948-8FC5-D64028A99354}.Debug|Any CPU.Build.0 = Debug|Any CPU
		{4D073CC3-D013-4948-8FC5-D64028A99354}.Release|Any CPU.ActiveCfg = Release|Any CPU
		{4D073CC3-D013-4948-8FC5-D64028A99354}.Release|Any CPU.Build.0 = Release|Any CPU
		{7BBD0E5E-54C4-44E2-A425-CCA6EA6AB119}.Debug|Any CPU.ActiveCfg = Debug|Any CPU
		{7BBD0E5E-54C4-44E2-A425-CCA6EA6AB119}.Debug|Any CPU.Build.0 = Debug|Any CPU
		{7BBD0E5E-54C4-44E2-A425-CCA6EA6AB119}.Release|Any CPU.ActiveCfg = Release|Any CPU
		{7BBD0E5E-54C4-44E2-A425-CCA6EA6AB119}.Release|Any CPU.Build.0 = Release|Any CPU
		{DD07388B-0AB9-40CF-8724-EA2CF68C11A6}.Debug|Any CPU.ActiveCfg = Debug|Any CPU
		{DD07388B-0AB9-40CF-8724-EA2CF68C11A6}.Debug|Any CPU.Build.0 = Debug|Any CPU
		{DD07388B-0AB9-40CF-8724-EA2CF68C11A6}.Release|Any CPU.ActiveCfg = Release|Any CPU
		{DD07388B-0AB9-40CF-8724-EA2CF68C11A6}.Release|Any CPU.Build.0 = Release|Any CPU
		{C7C9CDBD-E0D1-4787-AE61-A3439664E9E0}.Debug|Any CPU.ActiveCfg = Debug|Any CPU
		{C7C9CDBD-E0D1-4787-AE61-A3439664E9E0}.Debug|Any CPU.Build.0 = Debug|Any CPU
		{C7C9CDBD-E0D1-4787-AE61-A3439664E9E0}.Release|Any CPU.ActiveCfg = Release|Any CPU
		{C7C9CDBD-E0D1-4787-AE61-A3439664E9E0}.Release|Any CPU.Build.0 = Release|Any CPU
		{43315A79-4A08-4AD1-91F7-CC41841FBEA3}.Debug|Any CPU.ActiveCfg = Debug|Any CPU
		{43315A79-4A08-4AD1-91F7-CC41841FBEA3}.Debug|Any CPU.Build.0 = Debug|Any CPU
		{43315A79-4A08-4AD1-91F7-CC41841FBEA3}.Release|Any CPU.ActiveCfg = Release|Any CPU
		{43315A79-4A08-4AD1-91F7-CC41841FBEA3}.Release|Any CPU.Build.0 = Release|Any CPU
		{509AC395-61F4-47AB-BF3C-F628FC21C23E}.Debug|Any CPU.ActiveCfg = Debug|Any CPU
		{509AC395-61F4-47AB-BF3C-F628FC21C23E}.Debug|Any CPU.Build.0 = Debug|Any CPU
		{509AC395-61F4-47AB-BF3C-F628FC21C23E}.Release|Any CPU.ActiveCfg = Release|Any CPU
		{509AC395-61F4-47AB-BF3C-F628FC21C23E}.Release|Any CPU.Build.0 = Release|Any CPU
		{2DF3B525-E65B-4312-89D5-DB31041B7EF3}.Debug|Any CPU.ActiveCfg = Debug|Any CPU
		{2DF3B525-E65B-4312-89D5-DB31041B7EF3}.Debug|Any CPU.Build.0 = Debug|Any CPU
		{2DF3B525-E65B-4312-89D5-DB31041B7EF3}.Release|Any CPU.ActiveCfg = Release|Any CPU
		{2DF3B525-E65B-4312-89D5-DB31041B7EF3}.Release|Any CPU.Build.0 = Release|Any CPU
		{97BFD1C0-4847-4B14-988F-B87B5E0A7647}.Debug|Any CPU.ActiveCfg = Debug|Any CPU
		{97BFD1C0-4847-4B14-988F-B87B5E0A7647}.Debug|Any CPU.Build.0 = Debug|Any CPU
		{97BFD1C0-4847-4B14-988F-B87B5E0A7647}.Release|Any CPU.ActiveCfg = Release|Any CPU
		{97BFD1C0-4847-4B14-988F-B87B5E0A7647}.Release|Any CPU.Build.0 = Release|Any CPU
		{FAD56076-B92B-48E8-B314-50758CBA65DE}.Debug|Any CPU.ActiveCfg = Debug|Any CPU
		{FAD56076-B92B-48E8-B314-50758CBA65DE}.Debug|Any CPU.Build.0 = Debug|Any CPU
		{FAD56076-B92B-48E8-B314-50758CBA65DE}.Release|Any CPU.ActiveCfg = Release|Any CPU
		{FAD56076-B92B-48E8-B314-50758CBA65DE}.Release|Any CPU.Build.0 = Release|Any CPU
	EndGlobalSection
	GlobalSection(SolutionProperties) = preSolution
		HideSolutionNode = FALSE
	EndGlobalSection
	GlobalSection(ExtensibilityGlobals) = postSolution
		SolutionGuid = {1A149409-4929-41E7-8263-B60118A0CEF4}
	EndGlobalSection
EndGlobal
